
Microsoft Visual Studio Solution File, Format Version 12.00
# Visual Studio Version 16
VisualStudioVersion = 16.0.29230.47
MinimumVisualStudioVersion = 10.0.40219.1
Project("{FAE04EC0-301F-11D3-BF4B-00C04F79EFBC}") = "RNGExtension", "RNGExtension\RNGExtension.csproj", "{97FCB62A-6B86-4814-849D-1455C8CED671}"
EndProject
Global
	GlobalSection(SolutionConfigurationPlatforms) = preSolution
		Debug|Any CPU = Debug|Any CPU
		Release|Any CPU = Release|Any CPU
	EndGlobalSection
	GlobalSection(ProjectConfigurationPlatforms) = postSolution
		{97FCB62A-6B86-4814-849D-1455C8CED671}.Debug|Any CPU.ActiveCfg = Debug|Any CPU
		{97FCB62A-6B86-4814-849D-1455C8CED671}.Debug|Any CPU.Build.0 = Debug|Any CPU
		{97FCB62A-6B86-4814-849D-1455C8CED671}.Release|Any CPU.ActiveCfg = Release|Any CPU
		{97FCB62A-6B86-4814-849D-1455C8CED671}.Release|Any CPU.Build.0 = Release|Any CPU
	EndGlobalSection
	GlobalSection(SolutionProperties) = preSolution
		HideSolutionNode = FALSE
	EndGlobalSection
	GlobalSection(ExtensibilityGlobals) = postSolution
		SolutionGuid = {1EEA5F9E-A216-4B12-AFC7-583D1A02FDA3}
	EndGlobalSection
EndGlobal
