
Microsoft Visual Studio Solution File, Format Version 12.00
# Visual Studio Version 16
VisualStudioVersion = 16.0.29025.244
MinimumVisualStudioVersion = 10.0.40219.1
Project("{9A19103F-16F7-4668-BE54-9A1E7A4F7556}") = "BluishOwl", "BluishOwl\BluishOwl.csproj", "{FAEDAB0A-4C5E-4B75-A630-EFE319F4DDDC}"
EndProject
Project("{9A19103F-16F7-4668-BE54-9A1E7A4F7556}") = "BluishOwl.Logging", "BluishOwl.Logging\BluishOwl.Logging.csproj", "{DD44A4E1-DC68-47DB-9CA7-75D79A6B5600}"
EndProject
Project("{9A19103F-16F7-4668-BE54-9A1E7A4F7556}") = "BluishOwl.Plugin", "BluishOwl.Plugin\BluishOwl.Plugin.csproj", "{21C5FB30-9C03-4DEB-9B82-011A88807DE9}"
EndProject
Global
	GlobalSection(SolutionConfigurationPlatforms) = preSolution
		Debug|Any CPU = Debug|Any CPU
		Release|Any CPU = Release|Any CPU
	EndGlobalSection
	GlobalSection(ProjectConfigurationPlatforms) = postSolution
		{FAEDAB0A-4C5E-4B75-A630-EFE319F4DDDC}.Debug|Any CPU.ActiveCfg = Debug|Any CPU
		{FAEDAB0A-4C5E-4B75-A630-EFE319F4DDDC}.Debug|Any CPU.Build.0 = Debug|Any CPU
		{FAEDAB0A-4C5E-4B75-A630-EFE319F4DDDC}.Release|Any CPU.ActiveCfg = Release|Any CPU
		{FAEDAB0A-4C5E-4B75-A630-EFE319F4DDDC}.Release|Any CPU.Build.0 = Release|Any CPU
		{DD44A4E1-DC68-47DB-9CA7-75D79A6B5600}.Debug|Any CPU.ActiveCfg = Debug|Any CPU
		{DD44A4E1-DC68-47DB-9CA7-75D79A6B5600}.Debug|Any CPU.Build.0 = Debug|Any CPU
		{DD44A4E1-DC68-47DB-9CA7-75D79A6B5600}.Release|Any CPU.ActiveCfg = Release|Any CPU
		{DD44A4E1-DC68-47DB-9CA7-75D79A6B5600}.Release|Any CPU.Build.0 = Release|Any CPU
		{21C5FB30-9C03-4DEB-9B82-011A88807DE9}.Debug|Any CPU.ActiveCfg = Debug|Any CPU
		{21C5FB30-9C03-4DEB-9B82-011A88807DE9}.Debug|Any CPU.Build.0 = Debug|Any CPU
		{21C5FB30-9C03-4DEB-9B82-011A88807DE9}.Release|Any CPU.ActiveCfg = Release|Any CPU
		{21C5FB30-9C03-4DEB-9B82-011A88807DE9}.Release|Any CPU.Build.0 = Release|Any CPU
	EndGlobalSection
	GlobalSection(SolutionProperties) = preSolution
		HideSolutionNode = FALSE
	EndGlobalSection
	GlobalSection(ExtensibilityGlobals) = postSolution
		SolutionGuid = {ED747897-A59B-4A5C-B1A4-34B8EC54C3A5}
	EndGlobalSection
EndGlobal
